// !$*UTF8*$!
{
	archiveVersion = 1;
	classes = {
	};
	objectVersion = 46;
	objects = {

/* Begin PBXBuildFile section */
		8653A8891A0D2DCA00B0D702 /* main.m in Sources */ = {isa = PBXBuildFile; fileRef = 8653A8881A0D2DCA00B0D702 /* main.m */; };
		8653A88C1A0D2DCA00B0D702 /* AppDelegate.m in Sources */ = {isa = PBXBuildFile; fileRef = 8653A88B1A0D2DCA00B0D702 /* AppDelegate.m */; };
		8653A88F1A0D2DCA00B0D702 /* ViewController.m in Sources */ = {isa = PBXBuildFile; fileRef = 8653A88E1A0D2DCA00B0D702 /* ViewController.m */; };
		8653A8921A0D2DCA00B0D702 /* Main.storyboard in Resources */ = {isa = PBXBuildFile; fileRef = 8653A8901A0D2DCA00B0D702 /* Main.storyboard */; };
		8653A8941A0D2DCA00B0D702 /* Images.xcassets in Resources */ = {isa = PBXBuildFile; fileRef = 8653A8931A0D2DCA00B0D702 /* Images.xcassets */; };
		8653A8971A0D2DCA00B0D702 /* LaunchScreen.xib in Resources */ = {isa = PBXBuildFile; fileRef = 8653A8951A0D2DCA00B0D702 /* LaunchScreen.xib */; };
		8653A8A31A0D2DCB00B0D702 /* MatchismoTests.m in Sources */ = {isa = PBXBuildFile; fileRef = 8653A8A21A0D2DCB00B0D702 /* MatchismoTests.m */; };
		8653A8B21A0D5F5000B0D702 /* Card.m in Sources */ = {isa = PBXBuildFile; fileRef = 8653A8B11A0D5F5000B0D702 /* Card.m */; };
		8653A8B81A0D615600B0D702 /* PlayingCard.m in Sources */ = {isa = PBXBuildFile; fileRef = 8653A8B71A0D615600B0D702 /* PlayingCard.m */; };
		8653A8BB1A0D62C500B0D702 /* Deck.m in Sources */ = {isa = PBXBuildFile; fileRef = 8653A8BA1A0D62C500B0D702 /* Deck.m */; };
		8653A8BE1A0D6FB200B0D702 /* PlayingCardDeck.m in Sources */ = {isa = PBXBuildFile; fileRef = 8653A8BD1A0D6FB200B0D702 /* PlayingCardDeck.m */; };
/* End PBXBuildFile section */

/* Begin PBXContainerItemProxy section */
		8653A89D1A0D2DCB00B0D702 /* PBXContainerItemProxy */ = {
			isa = PBXContainerItemProxy;
			containerPortal = 8653A87B1A0D2DCA00B0D702 /* Project object */;
			proxyType = 1;
			remoteGlobalIDString = 8653A8821A0D2DCA00B0D702;
			remoteInfo = Matchismo;
		};
/* End PBXContainerItemProxy section */

/* Begin PBXFileReference section */
		8653A8831A0D2DCA00B0D702 /* Matchismo.app */ = {isa = PBXFileReference; explicitFileType = wrapper.application; includeInIndex = 0; path = Matchismo.app; sourceTree = BUILT_PRODUCTS_DIR; };
		8653A8871A0D2DCA00B0D702 /* Info.plist */ = {isa = PBXFileReference; lastKnownFileType = text.plist.xml; path = Info.plist; sourceTree = "<group>"; };
		8653A8881A0D2DCA00B0D702 /* main.m */ = {isa = PBXFileReference; lastKnownFileType = sourcecode.c.objc; path = main.m; sourceTree = "<group>"; };
		8653A88A1A0D2DCA00B0D702 /* AppDelegate.h */ = {isa = PBXFileReference; lastKnownFileType = sourcecode.c.h; path = AppDelegate.h; sourceTree = "<group>"; };
		8653A88B1A0D2DCA00B0D702 /* AppDelegate.m */ = {isa = PBXFileReference; lastKnownFileType = sourcecode.c.objc; path = AppDelegate.m; sourceTree = "<group>"; };
		8653A88D1A0D2DCA00B0D702 /* ViewController.h */ = {isa = PBXFileReference; lastKnownFileType = sourcecode.c.h; path = ViewController.h; sourceTree = "<group>"; };
		8653A88E1A0D2DCA00B0D702 /* ViewController.m */ = {isa = PBXFileReference; lastKnownFileType = sourcecode.c.objc; path = ViewController.m; sourceTree = "<group>"; };
		8653A8911A0D2DCA00B0D702 /* Base */ = {isa = PBXFileReference; lastKnownFileType = file.storyboard; name = Base; path = Base.lproj/Main.storyboard; sourceTree = "<group>"; };
		8653A8931A0D2DCA00B0D702 /* Images.xcassets */ = {isa = PBXFileReference; lastKnownFileType = folder.assetcatalog; path = Images.xcassets; sourceTree = "<group>"; };
		8653A8961A0D2DCA00B0D702 /* Base */ = {isa = PBXFileReference; lastKnownFileType = file.xib; name = Base; path = Base.lproj/LaunchScreen.xib; sourceTree = "<group>"; };
		8653A89C1A0D2DCB00B0D702 /* MatchismoTests.xctest */ = {isa = PBXFileReference; explicitFileType = wrapper.cfbundle; includeInIndex = 0; path = MatchismoTests.xctest; sourceTree = BUILT_PRODUCTS_DIR; };
		8653A8A11A0D2DCB00B0D702 /* Info.plist */ = {isa = PBXFileReference; lastKnownFileType = text.plist.xml; path = Info.plist; sourceTree = "<group>"; };
		8653A8A21A0D2DCB00B0D702 /* MatchismoTests.m */ = {isa = PBXFileReference; lastKnownFileType = sourcecode.c.objc; path = MatchismoTests.m; sourceTree = "<group>"; };
		8653A8B01A0D5F5000B0D702 /* Card.h */ = {isa = PBXFileReference; fileEncoding = 4; lastKnownFileType = sourcecode.c.h; path = Card.h; sourceTree = SOURCE_ROOT; };
		8653A8B11A0D5F5000B0D702 /* Card.m */ = {isa = PBXFileReference; fileEncoding = 4; lastKnownFileType = sourcecode.c.objc; path = Card.m; sourceTree = SOURCE_ROOT; };
		8653A8B61A0D615600B0D702 /* PlayingCard.h */ = {isa = PBXFileReference; fileEncoding = 4; lastKnownFileType = sourcecode.c.h; path = PlayingCard.h; sourceTree = SOURCE_ROOT; };
		8653A8B71A0D615600B0D702 /* PlayingCard.m */ = {isa = PBXFileReference; fileEncoding = 4; lastKnownFileType = sourcecode.c.objc; path = PlayingCard.m; sourceTree = SOURCE_ROOT; };
		8653A8B91A0D62C500B0D702 /* Deck.h */ = {isa = PBXFileReference; fileEncoding = 4; lastKnownFileType = sourcecode.c.h; path = Deck.h; sourceTree = SOURCE_ROOT; };
		8653A8BA1A0D62C500B0D702 /* Deck.m */ = {isa = PBXFileReference; fileEncoding = 4; lastKnownFileType = sourcecode.c.objc; path = Deck.m; sourceTree = SOURCE_ROOT; };
		8653A8BC1A0D6FB200B0D702 /* PlayingCardDeck.h */ = {isa = PBXFileReference; fileEncoding = 4; lastKnownFileType = sourcecode.c.h; path = PlayingCardDeck.h; sourceTree = SOURCE_ROOT; };
		8653A8BD1A0D6FB200B0D702 /* PlayingCardDeck.m */ = {isa = PBXFileReference; fileEncoding = 4; lastKnownFileType = sourcecode.c.objc; path = PlayingCardDeck.m; sourceTree = SOURCE_ROOT; };
/* End PBXFileReference section */

/* Begin PBXFrameworksBuildPhase section */
		8653A8801A0D2DCA00B0D702 /* Frameworks */ = {
			isa = PBXFrameworksBuildPhase;
			buildActionMask = 2147483647;
			files = (
			);
			runOnlyForDeploymentPostprocessing = 0;
		};
		8653A8991A0D2DCB00B0D702 /* Frameworks */ = {
			isa = PBXFrameworksBuildPhase;
			buildActionMask = 2147483647;
			files = (
			);
			runOnlyForDeploymentPostprocessing = 0;
		};
/* End PBXFrameworksBuildPhase section */

/* Begin PBXGroup section */
		8653A87A1A0D2DCA00B0D702 = {
			isa = PBXGroup;
			children = (
				8653A8851A0D2DCA00B0D702 /* Matchismo */,
				8653A89F1A0D2DCB00B0D702 /* MatchismoTests */,
				8653A8841A0D2DCA00B0D702 /* Products */,
			);
			sourceTree = "<group>";
		};
		8653A8841A0D2DCA00B0D702 /* Products */ = {
			isa = PBXGroup;
			children = (
				8653A8831A0D2DCA00B0D702 /* Matchismo.app */,
				8653A89C1A0D2DCB00B0D702 /* MatchismoTests.xctest */,
			);
			name = Products;
			sourceTree = "<group>";
		};
		8653A8851A0D2DCA00B0D702 /* Matchismo */ = {
			isa = PBXGroup;
			children = (
				8653A8AC1A0D33F700B0D702 /* Model */,
				8653A88A1A0D2DCA00B0D702 /* AppDelegate.h */,
				8653A88B1A0D2DCA00B0D702 /* AppDelegate.m */,
				8653A88D1A0D2DCA00B0D702 /* ViewController.h */,
				8653A88E1A0D2DCA00B0D702 /* ViewController.m */,
				8653A8901A0D2DCA00B0D702 /* Main.storyboard */,
				8653A8931A0D2DCA00B0D702 /* Images.xcassets */,
				8653A8951A0D2DCA00B0D702 /* LaunchScreen.xib */,
				8653A8861A0D2DCA00B0D702 /* Supporting Files */,
			);
			path = Matchismo;
			sourceTree = "<group>";
		};
		8653A8861A0D2DCA00B0D702 /* Supporting Files */ = {
			isa = PBXGroup;
			children = (
				8653A8871A0D2DCA00B0D702 /* Info.plist */,
				8653A8881A0D2DCA00B0D702 /* main.m */,
			);
			name = "Supporting Files";
			sourceTree = "<group>";
		};
		8653A89F1A0D2DCB00B0D702 /* MatchismoTests */ = {
			isa = PBXGroup;
			children = (
				8653A8A21A0D2DCB00B0D702 /* MatchismoTests.m */,
				8653A8A01A0D2DCB00B0D702 /* Supporting Files */,
			);
			path = MatchismoTests;
			sourceTree = "<group>";
		};
		8653A8A01A0D2DCB00B0D702 /* Supporting Files */ = {
			isa = PBXGroup;
			children = (
				8653A8A11A0D2DCB00B0D702 /* Info.plist */,
			);
			name = "Supporting Files";
			sourceTree = "<group>";
		};
		8653A8AC1A0D33F700B0D702 /* Model */ = {
			isa = PBXGroup;
			children = (
				8653A8B01A0D5F5000B0D702 /* Card.h */,
				8653A8B11A0D5F5000B0D702 /* Card.m */,
				8653A8B61A0D615600B0D702 /* PlayingCard.h */,
				8653A8B71A0D615600B0D702 /* PlayingCard.m */,
				8653A8B91A0D62C500B0D702 /* Deck.h */,
				8653A8BA1A0D62C500B0D702 /* Deck.m */,
				8653A8BC1A0D6FB200B0D702 /* PlayingCardDeck.h */,
				8653A8BD1A0D6FB200B0D702 /* PlayingCardDeck.m */,
			);
			path = Model;
			sourceTree = "<group>";
		};
/* End PBXGroup section */

/* Begin PBXNativeTarget section */
		8653A8821A0D2DCA00B0D702 /* Matchismo */ = {
			isa = PBXNativeTarget;
			buildConfigurationList = 8653A8A61A0D2DCB00B0D702 /* Build configuration list for PBXNativeTarget "Matchismo" */;
			buildPhases = (
				8653A87F1A0D2DCA00B0D702 /* Sources */,
				8653A8801A0D2DCA00B0D702 /* Frameworks */,
				8653A8811A0D2DCA00B0D702 /* Resources */,
			);
			buildRules = (
			);
			dependencies = (
			);
			name = Matchismo;
			productName = Matchismo;
			productReference = 8653A8831A0D2DCA00B0D702 /* Matchismo.app */;
			productType = "com.apple.product-type.application";
		};
		8653A89B1A0D2DCB00B0D702 /* MatchismoTests */ = {
			isa = PBXNativeTarget;
			buildConfigurationList = 8653A8A91A0D2DCB00B0D702 /* Build configuration list for PBXNativeTarget "MatchismoTests" */;
			buildPhases = (
				8653A8981A0D2DCB00B0D702 /* Sources */,
				8653A8991A0D2DCB00B0D702 /* Frameworks */,
				8653A89A1A0D2DCB00B0D702 /* Resources */,
			);
			buildRules = (
			);
			dependencies = (
				8653A89E1A0D2DCB00B0D702 /* PBXTargetDependency */,
			);
			name = MatchismoTests;
			productName = MatchismoTests;
			productReference = 8653A89C1A0D2DCB00B0D702 /* MatchismoTests.xctest */;
			productType = "com.apple.product-type.bundle.unit-test";
		};
/* End PBXNativeTarget section */

/* Begin PBXProject section */
		8653A87B1A0D2DCA00B0D702 /* Project object */ = {
			isa = PBXProject;
			attributes = {
				LastUpgradeCheck = 0610;
				ORGANIZATIONNAME = "Stanford University";
				TargetAttributes = {
					8653A8821A0D2DCA00B0D702 = {
						CreatedOnToolsVersion = 6.1;
					};
					8653A89B1A0D2DCB00B0D702 = {
						CreatedOnToolsVersion = 6.1;
						TestTargetID = 8653A8821A0D2DCA00B0D702;
					};
				};
			};
			buildConfigurationList = 8653A87E1A0D2DCA00B0D702 /* Build configuration list for PBXProject "Matchismo" */;
			compatibilityVersion = "Xcode 3.2";
			developmentRegion = English;
			hasScannedForEncodings = 0;
			knownRegions = (
				en,
				Base,
			);
			mainGroup = 8653A87A1A0D2DCA00B0D702;
			productRefGroup = 8653A8841A0D2DCA00B0D702 /* Products */;
			projectDirPath = "";
			projectRoot = "";
			targets = (
				8653A8821A0D2DCA00B0D702 /* Matchismo */,
				8653A89B1A0D2DCB00B0D702 /* MatchismoTests */,
			);
		};
/* End PBXProject section */

/* Begin PBXResourcesBuildPhase section */
		8653A8811A0D2DCA00B0D702 /* Resources */ = {
			isa = PBXResourcesBuildPhase;
			buildActionMask = 2147483647;
			files = (
				8653A8921A0D2DCA00B0D702 /* Main.storyboard in Resources */,
				8653A8971A0D2DCA00B0D702 /* LaunchScreen.xib in Resources */,
				8653A8941A0D2DCA00B0D702 /* Images.xcassets in Resources */,
			);
			runOnlyForDeploymentPostprocessing = 0;
		};
		8653A89A1A0D2DCB00B0D702 /* Resources */ = {
			isa = PBXResourcesBuildPhase;
			buildActionMask = 2147483647;
			files = (
			);
			runOnlyForDeploymentPostprocessing = 0;
		};
/* End PBXResourcesBuildPhase section */

/* Begin PBXSourcesBuildPhase section */
		8653A87F1A0D2DCA00B0D702 /* Sources */ = {
			isa = PBXSourcesBuildPhase;
			buildActionMask = 2147483647;
			files = (
				8653A88F1A0D2DCA00B0D702 /* ViewController.m in Sources */,
				8653A88C1A0D2DCA00B0D702 /* AppDelegate.m in Sources */,
				8653A8891A0D2DCA00B0D702 /* main.m in Sources */,
				8653A8B81A0D615600B0D702 /* PlayingCard.m in Sources */,
				8653A8BE1A0D6FB200B0D702 /* PlayingCardDeck.m in Sources */,
				8653A8BB1A0D62C500B0D702 /* Deck.m in Sources */,
				8653A8B21A0D5F5000B0D702 /* Card.m in Sources */,
			);
			runOnlyForDeploymentPostprocessing = 0;
		};
		8653A8981A0D2DCB00B0D702 /* Sources */ = {
			isa = PBXSourcesBuildPhase;
			buildActionMask = 2147483647;
			files = (
				8653A8A31A0D2DCB00B0D702 /* MatchismoTests.m in Sources */,
			);
			runOnlyForDeploymentPostprocessing = 0;
		};
/* End PBXSourcesBuildPhase section */

/* Begin PBXTargetDependency section */
		8653A89E1A0D2DCB00B0D702 /* PBXTargetDependency */ = {
			isa = PBXTargetDependency;
			target = 8653A8821A0D2DCA00B0D702 /* Matchismo */;
			targetProxy = 8653A89D1A0D2DCB00B0D702 /* PBXContainerItemProxy */;
		};
/* End PBXTargetDependency section */

/* Begin PBXVariantGroup section */
		8653A8901A0D2DCA00B0D702 /* Main.storyboard */ = {
			isa = PBXVariantGroup;
			children = (
				8653A8911A0D2DCA00B0D702 /* Base */,
			);
			name = Main.storyboard;
			sourceTree = "<group>";
		};
		8653A8951A0D2DCA00B0D702 /* LaunchScreen.xib */ = {
			isa = PBXVariantGroup;
			children = (
				8653A8961A0D2DCA00B0D702 /* Base */,
			);
			name = LaunchScreen.xib;
			sourceTree = "<group>";
		};
/* End PBXVariantGroup section */

/* Begin XCBuildConfiguration section */
		8653A8A41A0D2DCB00B0D702 /* Debug */ = {
			isa = XCBuildConfiguration;
			buildSettings = {
				ALWAYS_SEARCH_USER_PATHS = NO;
				CLANG_CXX_LANGUAGE_STANDARD = "gnu++0x";
				CLANG_CXX_LIBRARY = "libc++";
				CLANG_ENABLE_MODULES = YES;
				CLANG_ENABLE_OBJC_ARC = YES;
				CLANG_WARN_BOOL_CONVERSION = YES;
				CLANG_WARN_CONSTANT_CONVERSION = YES;
				CLANG_WARN_DIRECT_OBJC_ISA_USAGE = YES_ERROR;
				CLANG_WARN_EMPTY_BODY = YES;
				CLANG_WARN_ENUM_CONVERSION = YES;
				CLANG_WARN_INT_CONVERSION = YES;
				CLANG_WARN_OBJC_ROOT_CLASS = YES_ERROR;
				CLANG_WARN_UNREACHABLE_CODE = YES;
				CLANG_WARN__DUPLICATE_METHOD_MATCH = YES;
				"CODE_SIGN_IDENTITY[sdk=iphoneos*]" = "iPhone Developer";
				COPY_PHASE_STRIP = NO;
				ENABLE_STRICT_OBJC_MSGSEND = YES;
				GCC_C_LANGUAGE_STANDARD = gnu99;
				GCC_DYNAMIC_NO_PIC = NO;
				GCC_OPTIMIZATION_LEVEL = 0;
				GCC_PREPROCESSOR_DEFINITIONS = (
					"DEBUG=1",
					"$(inherited)",
				);
				GCC_SYMBOLS_PRIVATE_EXTERN = NO;
				GCC_WARN_64_TO_32_BIT_CONVERSION = YES;
				GCC_WARN_ABOUT_RETURN_TYPE = YES_ERROR;
				GCC_WARN_UNDECLARED_SELECTOR = YES;
				GCC_WARN_UNINITIALIZED_AUTOS = YES_AGGRESSIVE;
				GCC_WARN_UNUSED_FUNCTION = YES;
				GCC_WARN_UNUSED_VARIABLE = YES;
				IPHONEOS_DEPLOYMENT_TARGET = 8.1;
				MTL_ENABLE_DEBUG_INFO = YES;
				ONLY_ACTIVE_ARCH = YES;
				SDKROOT = iphoneos;
			};
			name = Debug;
		};
		8653A8A51A0D2DCB00B0D702 /* Release */ = {
			isa = XCBuildConfiguration;
			buildSettings = {
				ALWAYS_SEARCH_USER_PATHS = NO;
				CLANG_CXX_LANGUAGE_STANDARD = "gnu++0x";
				CLANG_CXX_LIBRARY = "libc++";
				CLANG_ENABLE_MODULES = YES;
				CLANG_ENABLE_OBJC_ARC = YES;
				CLANG_WARN_BOOL_CONVERSION = YES;
				CLANG_WARN_CONSTANT_CONVERSION = YES;
				CLANG_WARN_DIRECT_OBJC_ISA_USAGE = YES_ERROR;
				CLANG_WARN_EMPTY_BODY = YES;
				CLANG_WARN_ENUM_CONVERSION = YES;
				CLANG_WARN_INT_CONVERSION = YES;
				CLANG_WARN_OBJC_ROOT_CLASS = YES_ERROR;
				CLANG_WARN_UNREACHABLE_CODE = YES;
				CLANG_WARN__DUPLICATE_METHOD_MATCH = YES;
				"CODE_SIGN_IDENTITY[sdk=iphoneos*]" = "iPhone Developer";
				COPY_PHASE_STRIP = YES;
				ENABLE_NS_ASSERTIONS = NO;
				ENABLE_STRICT_OBJC_MSGSEND = YES;
				GCC_C_LANGUAGE_STANDARD = gnu99;
				GCC_WARN_64_TO_32_BIT_CONVERSION = YES;
				GCC_WARN_ABOUT_RETURN_TYPE = YES_ERROR;
				GCC_WARN_UNDECLARED_SELECTOR = YES;
				GCC_WARN_UNINITIALIZED_AUTOS = YES_AGGRESSIVE;
				GCC_WARN_UNUSED_FUNCTION = YES;
				GCC_WARN_UNUSED_VARIABLE = YES;
				IPHONEOS_DEPLOYMENT_TARGET = 8.1;
				MTL_ENABLE_DEBUG_INFO = NO;
				SDKROOT = iphoneos;
				VALIDATE_PRODUCT = YES;
			};
			name = Release;
		};
		8653A8A71A0D2DCB00B0D702 /* Debug */ = {
			isa = XCBuildConfiguration;
			buildSettings = {
				ASSETCATALOG_COMPILER_APPICON_NAME = AppIcon;
				INFOPLIST_FILE = Matchismo/Info.plist;
				LD_RUNPATH_SEARCH_PATHS = "$(inherited) @executable_path/Frameworks";
				PRODUCT_NAME = "$(TARGET_NAME)";
				TARGETED_DEVICE_FAMILY = "1,2";
			};
			name = Debug;
		};
		8653A8A81A0D2DCB00B0D702 /* Release */ = {
			isa = XCBuildConfiguration;
			buildSettings = {
				ASSETCATALOG_COMPILER_APPICON_NAME = AppIcon;
				INFOPLIST_FILE = Matchismo/Info.plist;
				LD_RUNPATH_SEARCH_PATHS = "$(inherited) @executable_path/Frameworks";
				PRODUCT_NAME = "$(TARGET_NAME)";
				TARGETED_DEVICE_FAMILY = "1,2";
			};
			name = Release;
		};
		8653A8AA1A0D2DCB00B0D702 /* Debug */ = {
			isa = XCBuildConfiguration;
			buildSettings = {
				BUNDLE_LOADER = "$(TEST_HOST)";
				FRAMEWORK_SEARCH_PATHS = (
					"$(SDKROOT)/Developer/Library/Frameworks",
					"$(inherited)",
				);
				GCC_PREPROCESSOR_DEFINITIONS = (
					"DEBUG=1",
					"$(inherited)",
				);
				INFOPLIST_FILE = MatchismoTests/Info.plist;
				LD_RUNPATH_SEARCH_PATHS = "$(inherited) @executable_path/Frameworks @loader_path/Frameworks";
				PRODUCT_NAME = "$(TARGET_NAME)";
				TEST_HOST = "$(BUILT_PRODUCTS_DIR)/Matchismo.app/Matchismo";
			};
			name = Debug;
		};
		8653A8AB1A0D2DCB00B0D702 /* Release */ = {
			isa = XCBuildConfiguration;
			buildSettings = {
				BUNDLE_LOADER = "$(TEST_HOST)";
				FRAMEWORK_SEARCH_PATHS = (
					"$(SDKROOT)/Developer/Library/Frameworks",
					"$(inherited)",
				);
				INFOPLIST_FILE = MatchismoTests/Info.plist;
				LD_RUNPATH_SEARCH_PATHS = "$(inherited) @executable_path/Frameworks @loader_path/Frameworks";
				PRODUCT_NAME = "$(TARGET_NAME)";
				TEST_HOST = "$(BUILT_PRODUCTS_DIR)/Matchismo.app/Matchismo";
			};
			name = Release;
		};
/* End XCBuildConfiguration section */

/* Begin XCConfigurationList section */
		8653A87E1A0D2DCA00B0D702 /* Build configuration list for PBXProject "Matchismo" */ = {
			isa = XCConfigurationList;
			buildConfigurations = (
				8653A8A41A0D2DCB00B0D702 /* Debug */,
				8653A8A51A0D2DCB00B0D702 /* Release */,
			);
			defaultConfigurationIsVisible = 0;
			defaultConfigurationName = Release;
		};
		8653A8A61A0D2DCB00B0D702 /* Build configuration list for PBXNativeTarget "Matchismo" */ = {
			isa = XCConfigurationList;
			buildConfigurations = (
				8653A8A71A0D2DCB00B0D702 /* Debug */,
				8653A8A81A0D2DCB00B0D702 /* Release */,
			);
			defaultConfigurationIsVisible = 0;
			defaultConfigurationName = Release;
		};
		8653A8A91A0D2DCB00B0D702 /* Build configuration list for PBXNativeTarget "MatchismoTests" */ = {
			isa = XCConfigurationList;
			buildConfigurations = (
				8653A8AA1A0D2DCB00B0D702 /* Debug */,
				8653A8AB1A0D2DCB00B0D702 /* Release */,
			);
			defaultConfigurationIsVisible = 0;
			defaultConfigurationName = Release;
		};
/* End XCConfigurationList section */
	};
	rootObject = 8653A87B1A0D2DCA00B0D702 /* Project object */;
}
